<Solution>
  <Folder Name="/docs/">
    <File Path="docs/architecture.md" />
    <File Path="docs/coding-style.md" />
    <File Path="docs/configuration.md" />
    <File Path="docs/foundation-review.md" />
    <File Path="docs/local-environment.md" />
    <File Path="docs/migration-ledger.md" />
    <File Path="docs/rebuild-plan.md" />
  </Folder>
  <Folder Name="/docs/adr/">
    <File Path="docs/adr/0001-single-host.md" />
    <File Path="docs/adr/0002-contract-compatibility.md" />
    <File Path="docs/adr/0003-aggregate-events.md" />
  </Folder>
  <Folder Name="/docs/business-docs/">
    <File Path="docs/business-docs/1. GE_IPS_Participant_API_Integration_v.1.00.pdf" />
    <File Path="docs/business-docs/2. GE_IPS_Inception_Report_Annex_D_IPS-Participant_Interface_v.1.02.pdf" />
    <File Path="docs/business-docs/3. GE_IPS_Inception_Report_Annex_E_Proxy-Participant_Interface_v.1.01.pdf" />
    <File Path="docs/business-docs/4. GE_IPS_PRX_D011_Participants_Training_Material_v.1.00.pdf" />
    <File Path="docs/business-docs/5. GE_IPS_Inception_Report_v.2.01 1_FOR Participants.pdf" />
    <File Path="docs/business-docs/7. GE_IPS_Inception_Report_Annex_A_Reports_v.1.01 1_For Participants.pdf" />
    <File Path="docs/business-docs/GE_IPS_Inception_Report_Annex_C_Security_v.1.00 1_For Participants.pdf" />
    <File Path="docs/business-docs/GE_IPS_Inception_Report_Annex_D_IPS-Participant_Interface_v.1.00.pdf" />
    <File Path="docs/business-docs/GE_IPS_Inception_Report_Annex_E_Proxy-Participant_Interface_v.1.00.pdf" />
    <File Path="docs/business-docs/GE_IPS_Participant_API_Integration_v.1.00.pdf" />
  </Folder>
  <Folder Name="/docs/diagrams/">
    <File Path="docs/diagrams/00_Runtime.drawio" />
    <File Path="docs/diagrams/IPS_All_Flows_KA.drawio" />
    <File Path="docs/diagrams/IPS_Seq_camt029_KA.drawio" />
    <File Path="docs/diagrams/IPS_Seq_camt055_KA.drawio" />
    <File Path="docs/diagrams/IPS_Seq_camt056_KA.drawio" />
    <File Path="docs/diagrams/IPS_Seq_pacs002_KA.drawio" />
    <File Path="docs/diagrams/IPS_Seq_pacs004_KA.drawio" />
    <File Path="docs/diagrams/IPS_Seq_pacs008_KA.drawio" />
    <File Path="docs/diagrams/IPS_Seq_pacs009_KA.drawio" />
    <File Path="docs/diagrams/IPS_Seq_pacs028_KA.drawio" />
    <File Path="docs/diagrams/IPS_Seq_pain001_KA.drawio" />
    <File Path="docs/diagrams/IPS_Seq_pain002_KA.drawio" />
    <File Path="docs/diagrams/IPS_Seq_Proxy_KA.drawio" />
    <File Path="docs/diagrams/IPS_Seq_Recovery_KA.drawio" />
    <File Path="docs/diagrams/IPS_Seq_StatusDelivery_KA.drawio" />
    <File Path="docs/diagrams/preview.html" />
    <File Path="docs/diagrams/README.md" />
  </Folder>
  <Folder Name="/docs/nbg/">
    <File Path="docs/nbg/GE_IPS_Inception_Report_Annex_C_Security_v.1.00 1_For Participants.pdf" />
    <File Path="docs/nbg/GE_IPS_Inception_Report_Annex_D_IPS-Participant_Interface_v.1.02, 15.06.26.pdf" />
    <File Path="docs/nbg/GE_IPS_Inception_Report_Annex_E_Proxy-Participant_Interface_v.1.00.pdf" />
    <File Path="docs/nbg/GE_IPS_Participant_API_Integration_v.1.00.pdf" />
  </Folder>
  <Folder Name="/docs/research/">
    <File Path="docs/research/pacs008-xml-validation-design.md" />
  </Folder>
  <Folder Name="/docs/reviews/">
    <File Path="docs/reviews/001a-transaction-lifecycle.md" />
    <File Path="docs/reviews/001b-durable-intake.md" />
    <File Path="docs/reviews/001c-pending-work.md" />
    <File Path="docs/reviews/001d-aggregate-events.md" />
    <File Path="docs/reviews/001e-shared-unit-of-work.md" />
    <File Path="docs/reviews/002a1-preparation-storage.md" />
    <File Path="docs/reviews/002a2-pacs008-protocol.md" />
    <File Path="docs/reviews/002b1-submission-checkpoints.md" />
    <File Path="docs/reviews/002b2-pacs008-processing.md" />
    <File Path="docs/reviews/002c0-outgoing-journal.md" />
    <File Path="docs/reviews/002c1-outgoing-status-delivery.md" />
    <File Path="docs/reviews/002c2a-outgoing-transport.md" />
    <File Path="docs/reviews/002c2b-outgoing-host.md" />
    <File Path="docs/reviews/003a1-investigation-protocol.md" />
    <File Path="docs/reviews/003a2-durable-investigation.md" />
    <File Path="docs/reviews/003a3-authorized-resend.md" />
    <File Path="docs/reviews/003a4-incoming-status-reports.md" />
    <File Path="docs/reviews/004a-inbound-foundations.md" />
    <File Path="docs/reviews/004b1-incoming-protocol.md" />
    <File Path="docs/reviews/004b2a-incoming-identity.md" />
    <File Path="docs/reviews/004b2b-cbs-processing.md" />
    <File Path="docs/reviews/004b2c-incoming-reconciliation.md" />
    <File Path="docs/reviews/004b2c2-incoming-replies.md" />
    <File Path="docs/reviews/004c1-incoming-clients.md" />
    <File Path="docs/reviews/004c2-incoming-composition.md" />
    <File Path="docs/reviews/004c3-incoming-workers.md" />
    <File Path="docs/reviews/005a-outgoing-pacs009.md" />
    <File Path="docs/reviews/005b-outgoing-pacs004.md" />
    <File Path="docs/reviews/005c-incoming-pacs009.md" />
    <File Path="docs/reviews/005d-incoming-pacs004.md" />
    <File Path="docs/reviews/007a-outgoing-camt056.md" />
    <File Path="docs/reviews/007b-outgoing-camt029.md" />
    <File Path="docs/reviews/007c-incoming-recalls.md" />
    <File Path="docs/reviews/008a-incoming-pain001.md" />
    <File Path="docs/reviews/008b-outgoing-pain002.md" />
    <File Path="docs/reviews/008c-incoming-camt055.md" />
    <File Path="docs/reviews/009-proxy-management.md" />
    <File Path="docs/reviews/010-readiness-diagnostics.md" />
    <File Path="docs/reviews/011-shutdown-and-multi-instance.md" />
    <File Path="docs/reviews/012-aspire-test-environment.md" />
    <File Path="docs/reviews/012a-audit-corrections.md" />
    <File Path="docs/reviews/012b-signature-certificate-validity.md" />
    <File Path="docs/reviews/012c-recall-delivery.md" />
    <File Path="docs/reviews/business-flow-audit-2026-10-07.md" />
    <File Path="docs/reviews/business-flow-audit-recheck-2026-10-07.md" />
  </Folder>
  <Folder Name="/docs/specs/">
    <File Path="docs/specs/001a-transaction-lifecycle.md" />
    <File Path="docs/specs/001b-durable-intake.md" />
    <File Path="docs/specs/001c-pending-work.md" />
    <File Path="docs/specs/001d-aggregate-events.md" />
    <File Path="docs/specs/001e-shared-unit-of-work.md" />
    <File Path="docs/specs/002a1-preparation-storage.md" />
    <File Path="docs/specs/002a2-pacs008-protocol.md" />
    <File Path="docs/specs/002b1-submission-checkpoints.md" />
    <File Path="docs/specs/002b2-pacs008-processing.md" />
    <File Path="docs/specs/002c-outgoing-http.md" />
    <File Path="docs/specs/002c0-outgoing-journal.md" />
    <File Path="docs/specs/002c1-outgoing-status-delivery.md" />
    <File Path="docs/specs/002c2-outgoing-execution.md" />
    <File Path="docs/specs/002c2a-outgoing-transport.md" />
    <File Path="docs/specs/002c2b-outgoing-host.md" />
    <File Path="docs/specs/003a-outgoing-investigation.md" />
    <File Path="docs/specs/003a1-investigation-protocol.md" />
    <File Path="docs/specs/003a2-durable-investigation.md" />
    <File Path="docs/specs/003a3-authorized-resend.md" />
    <File Path="docs/specs/003a4-incoming-status-reports.md" />
    <File Path="docs/specs/004a-inbound-foundations.md" />
    <File Path="docs/specs/004b-incoming-pacs008.md" />
    <File Path="docs/specs/004b2-incoming-processing.md" />
    <File Path="docs/specs/004b2b-cbs-processing.md" />
    <File Path="docs/specs/004b2b-cleanup.md" />
    <File Path="docs/specs/004b2c-incoming-reconciliation.md" />
    <File Path="docs/specs/004b2c2-incoming-replies.md" />
    <File Path="docs/specs/004c-live-incoming.md" />
    <File Path="docs/specs/004c2-incoming-composition.md" />
    <File Path="docs/specs/004c3-incoming-workers.md" />
    <File Path="docs/specs/005a-outgoing-pacs009.md" />
    <File Path="docs/specs/005b-outgoing-pacs004.md" />
    <File Path="docs/specs/005c-incoming-pacs009.md" />
    <File Path="docs/specs/005d-incoming-pacs004.md" />
    <File Path="docs/specs/006-clean-code-rewrite.md" />
    <File Path="docs/specs/007a-outgoing-camt056.md" />
    <File Path="docs/specs/007b-outgoing-camt029.md" />
    <File Path="docs/specs/007c-incoming-recalls.md" />
    <File Path="docs/specs/008a-incoming-pain001.md" />
    <File Path="docs/specs/008b-outgoing-pain002.md" />
    <File Path="docs/specs/008c-incoming-camt055.md" />
    <File Path="docs/specs/009-proxy-management.md" />
    <File Path="docs/specs/010-readiness-diagnostics.md" />
    <File Path="docs/specs/011-shutdown-and-multi-instance.md" />
    <File Path="docs/specs/012-aspire-test-environment.md" />
    <File Path="docs/specs/012a-audit-corrections.md" />
    <File Path="docs/specs/012b-signature-certificate-validity.md" />
    <File Path="docs/specs/012c-recall-delivery.md" />
  </Folder>
  <Folder Name="/src/">
    <Project Path="src/IPS.Middleware.Api/IPS.Middleware.Api.csproj" />
    <Project Path="src/IPS.Middleware.Application/IPS.Middleware.Application.csproj" />
    <Project Path="src/IPS.Middleware.Domain/IPS.Middleware.Domain.csproj" />
    <Project Path="src/IPS.Middleware.Infrastructure/IPS.Middleware.Infrastructure.csproj" />
    <Project Path="src/IPS.MiidleWear.Contracts/IPS.MiidleWear.Contracts.csproj" />
  </Folder>
  <Folder Name="/tests/">
    <Project Path="tests/IPS.Middleware.AppHost/IPS.Middleware.AppHost.csproj" />
    <Project Path="tests/IPS.Middleware.AspireTests/IPS.Middleware.AspireTests.csproj" />
    <Project Path="tests/IPS.Middleware.IntegrationTests/IPS.Middleware.IntegrationTests.csproj" />
    <Project Path="tests/IPS.Middleware.Simulators/IPS.Middleware.Simulators.csproj" />
    <Project Path="tests/IPS.Middleware.Tests/IPS.Middleware.Tests.csproj" />
  </Folder>
</Solution>
